// !$*UTF8*$!
{
	archiveVersion = 1;
	classes = {
	};
	objectVersion = 46;
	objects = {

/* Begin PBXBuildFile section */
		C780A3B31E64A54C00452F8C /* ModelSource.m in Sources */ = {isa = PBXBuildFile; fileRef = C780A3B21E64A54C00452F8C /* ModelSource.m */; };
		C7C977521E5C91E900F33212 /* main.m in Sources */ = {isa = PBXBuildFile; fileRef = C7C977511E5C91E900F33212 /* main.m */; };
		C7C977551E5C91E900F33212 /* AppDelegate.m in Sources */ = {isa = PBXBuildFile; fileRef = C7C977541E5C91E900F33212 /* AppDelegate.m */; };
		C7C977721E5C97D000F33212 /* BaseViewController.m in Sources */ = {isa = PBXBuildFile; fileRef = C7C977711E5C97D000F33212 /* BaseViewController.m */; };
		C7C977751E5C980700F33212 /* GBNSourcesViewController.m in Sources */ = {isa = PBXBuildFile; fileRef = C7C977741E5C980700F33212 /* GBNSourcesViewController.m */; };
		C7C9777F1E5C98CF00F33212 /* Assets.xcassets in Resources */ = {isa = PBXBuildFile; fileRef = C7C977771E5C98CF00F33212 /* Assets.xcassets */; };
		C7C977801E5C98CF00F33212 /* GBNewsDemoProj.xcdatamodeld in Sources */ = {isa = PBXBuildFile; fileRef = C7C977781E5C98CF00F33212 /* GBNewsDemoProj.xcdatamodeld */; };
		C7C977811E5C98CF00F33212 /* Info.plist in Resources */ = {isa = PBXBuildFile; fileRef = C7C9777A1E5C98CF00F33212 /* Info.plist */; };
		C7C977821E5C98CF00F33212 /* LaunchScreen.storyboard in Resources */ = {isa = PBXBuildFile; fileRef = C7C9777D1E5C98CF00F33212 /* LaunchScreen.storyboard */; };
		C7C977831E5C98CF00F33212 /* Main.storyboard in Resources */ = {isa = PBXBuildFile; fileRef = C7C9777E1E5C98CF00F33212 /* Main.storyboard */; };
		C7C977871E5CBD3200F33212 /* GBNSourceCell.m in Sources */ = {isa = PBXBuildFile; fileRef = C7C977861E5CBD3200F33212 /* GBNSourceCell.m */; };
		C7E3BC6C1E5EBDC500508790 /* GBNNewsListViewController.m in Sources */ = {isa = PBXBuildFile; fileRef = C7E3BC6B1E5EBDC500508790 /* GBNNewsListViewController.m */; };
		C7E3BC6F1E5EBE5900508790 /* GBNNewsItemCell.m in Sources */ = {isa = PBXBuildFile; fileRef = C7E3BC6E1E5EBE5900508790 /* GBNNewsItemCell.m */; };
		C7E3BC7E1E5EC24500508790 /* AFHTTPSessionManager.m in Sources */ = {isa = PBXBuildFile; fileRef = C7E3BC721E5EC24400508790 /* AFHTTPSessionManager.m */; };
		C7E3BC7F1E5EC24500508790 /* AFNetworkReachabilityManager.m in Sources */ = {isa = PBXBuildFile; fileRef = C7E3BC751E5EC24500508790 /* AFNetworkReachabilityManager.m */; };
		C7E3BC801E5EC24500508790 /* AFSecurityPolicy.m in Sources */ = {isa = PBXBuildFile; fileRef = C7E3BC771E5EC24500508790 /* AFSecurityPolicy.m */; };
		C7E3BC811E5EC24500508790 /* AFURLRequestSerialization.m in Sources */ = {isa = PBXBuildFile; fileRef = C7E3BC791E5EC24500508790 /* AFURLRequestSerialization.m */; };
		C7E3BC821E5EC24500508790 /* AFURLResponseSerialization.m in Sources */ = {isa = PBXBuildFile; fileRef = C7E3BC7B1E5EC24500508790 /* AFURLResponseSerialization.m */; };
		C7E3BC831E5EC24500508790 /* AFURLSessionManager.m in Sources */ = {isa = PBXBuildFile; fileRef = C7E3BC7D1E5EC24500508790 /* AFURLSessionManager.m */; };
		C7E3BC861E5EC34F00508790 /* ApiManager.m in Sources */ = {isa = PBXBuildFile; fileRef = C7E3BC851E5EC34F00508790 /* ApiManager.m */; };
		C7E3BC8B1E5EC61B00508790 /* AppUtils.m in Sources */ = {isa = PBXBuildFile; fileRef = C7E3BC8A1E5EC61B00508790 /* AppUtils.m */; };
		C7E3BC8F1E5ED99700508790 /* MBProgressHUD.m in Sources */ = {isa = PBXBuildFile; fileRef = C7E3BC8E1E5ED99700508790 /* MBProgressHUD.m */; };
/* End PBXBuildFile section */

/* Begin PBXFileReference section */
		C780A3B11E64A54C00452F8C /* ModelSource.h */ = {isa = PBXFileReference; fileEncoding = 4; lastKnownFileType = sourcecode.c.h; path = ModelSource.h; sourceTree = "<group>"; };
		C780A3B21E64A54C00452F8C /* ModelSource.m */ = {isa = PBXFileReference; fileEncoding = 4; lastKnownFileType = sourcecode.c.objc; path = ModelSource.m; sourceTree = "<group>"; };
		C7C9774D1E5C91E900F33212 /* GBNewsDemoProj.app */ = {isa = PBXFileReference; explicitFileType = wrapper.application; includeInIndex = 0; path = GBNewsDemoProj.app; sourceTree = BUILT_PRODUCTS_DIR; };
		C7C977511E5C91E900F33212 /* main.m */ = {isa = PBXFileReference; lastKnownFileType = sourcecode.c.objc; path = main.m; sourceTree = "<group>"; };
		C7C977531E5C91E900F33212 /* AppDelegate.h */ = {isa = PBXFileReference; lastKnownFileType = sourcecode.c.h; path = AppDelegate.h; sourceTree = "<group>"; };
		C7C977541E5C91E900F33212 /* AppDelegate.m */ = {isa = PBXFileReference; lastKnownFileType = sourcecode.c.objc; path = AppDelegate.m; sourceTree = "<group>"; };
		C7C977701E5C97D000F33212 /* BaseViewController.h */ = {isa = PBXFileReference; fileEncoding = 4; lastKnownFileType = sourcecode.c.h; path = BaseViewController.h; sourceTree = "<group>"; };
		C7C977711E5C97D000F33212 /* BaseViewController.m */ = {isa = PBXFileReference; fileEncoding = 4; lastKnownFileType = sourcecode.c.objc; path = BaseViewController.m; sourceTree = "<group>"; };
		C7C977731E5C980700F33212 /* GBNSourcesViewController.h */ = {isa = PBXFileReference; fileEncoding = 4; lastKnownFileType = sourcecode.c.h; path = GBNSourcesViewController.h; sourceTree = "<group>"; };
		C7C977741E5C980700F33212 /* GBNSourcesViewController.m */ = {isa = PBXFileReference; fileEncoding = 4; lastKnownFileType = sourcecode.c.objc; path = GBNSourcesViewController.m; sourceTree = "<group>"; };
		C7C977771E5C98CF00F33212 /* Assets.xcassets */ = {isa = PBXFileReference; lastKnownFileType = folder.assetcatalog; path = Assets.xcassets; sourceTree = "<group>"; };
		C7C977791E5C98CF00F33212 /* GBNewsDemoProj.xcdatamodel */ = {isa = PBXFileReference; lastKnownFileType = wrapper.xcdatamodel; path = GBNewsDemoProj.xcdatamodel; sourceTree = "<group>"; };
		C7C9777A1E5C98CF00F33212 /* Info.plist */ = {isa = PBXFileReference; fileEncoding = 4; lastKnownFileType = text.plist.xml; path = Info.plist; sourceTree = "<group>"; };
		C7C9777D1E5C98CF00F33212 /* LaunchScreen.storyboard */ = {isa = PBXFileReference; fileEncoding = 4; lastKnownFileType = file.storyboard; path = LaunchScreen.storyboard; sourceTree = "<group>"; };
		C7C9777E1E5C98CF00F33212 /* Main.storyboard */ = {isa = PBXFileReference; fileEncoding = 4; lastKnownFileType = file.storyboard; path = Main.storyboard; sourceTree = "<group>"; };
		C7C977851E5CBD3200F33212 /* GBNSourceCell.h */ = {isa = PBXFileReference; fileEncoding = 4; lastKnownFileType = sourcecode.c.h; path = GBNSourceCell.h; sourceTree = "<group>"; };
		C7C977861E5CBD3200F33212 /* GBNSourceCell.m */ = {isa = PBXFileReference; fileEncoding = 4; lastKnownFileType = sourcecode.c.objc; path = GBNSourceCell.m; sourceTree = "<group>"; };
		C7E3BC6A1E5EBDC500508790 /* GBNNewsListViewController.h */ = {isa = PBXFileReference; fileEncoding = 4; lastKnownFileType = sourcecode.c.h; path = GBNNewsListViewController.h; sourceTree = "<group>"; };
		C7E3BC6B1E5EBDC500508790 /* GBNNewsListViewController.m */ = {isa = PBXFileReference; fileEncoding = 4; lastKnownFileType = sourcecode.c.objc; path = GBNNewsListViewController.m; sourceTree = "<group>"; };
		C7E3BC6D1E5EBE5900508790 /* GBNNewsItemCell.h */ = {isa = PBXFileReference; fileEncoding = 4; lastKnownFileType = sourcecode.c.h; path = GBNNewsItemCell.h; sourceTree = "<group>"; };
		C7E3BC6E1E5EBE5900508790 /* GBNNewsItemCell.m */ = {isa = PBXFileReference; fileEncoding = 4; lastKnownFileType = sourcecode.c.objc; path = GBNNewsItemCell.m; sourceTree = "<group>"; };
		C7E3BC711E5EC24400508790 /* AFHTTPSessionManager.h */ = {isa = PBXFileReference; fileEncoding = 4; lastKnownFileType = sourcecode.c.h; path = AFHTTPSessionManager.h; sourceTree = "<group>"; };
		C7E3BC721E5EC24400508790 /* AFHTTPSessionManager.m */ = {isa = PBXFileReference; fileEncoding = 4; lastKnownFileType = sourcecode.c.objc; path = AFHTTPSessionManager.m; sourceTree = "<group>"; };
		C7E3BC731E5EC24500508790 /* AFNetworking.h */ = {isa = PBXFileReference; fileEncoding = 4; lastKnownFileType = sourcecode.c.h; path = AFNetworking.h; sourceTree = "<group>"; };
		C7E3BC741E5EC24500508790 /* AFNetworkReachabilityManager.h */ = {isa = PBXFileReference; fileEncoding = 4; lastKnownFileType = sourcecode.c.h; path = AFNetworkReachabilityManager.h; sourceTree = "<group>"; };
		C7E3BC751E5EC24500508790 /* AFNetworkReachabilityManager.m */ = {isa = PBXFileReference; fileEncoding = 4; lastKnownFileType = sourcecode.c.objc; path = AFNetworkReachabilityManager.m; sourceTree = "<group>"; };
		C7E3BC761E5EC24500508790 /* AFSecurityPolicy.h */ = {isa = PBXFileReference; fileEncoding = 4; lastKnownFileType = sourcecode.c.h; path = AFSecurityPolicy.h; sourceTree = "<group>"; };
		C7E3BC771E5EC24500508790 /* AFSecurityPolicy.m */ = {isa = PBXFileReference; fileEncoding = 4; lastKnownFileType = sourcecode.c.objc; path = AFSecurityPolicy.m; sourceTree = "<group>"; };
		C7E3BC781E5EC24500508790 /* AFURLRequestSerialization.h */ = {isa = PBXFileReference; fileEncoding = 4; lastKnownFileType = sourcecode.c.h; path = AFURLRequestSerialization.h; sourceTree = "<group>"; };
		C7E3BC791E5EC24500508790 /* AFURLRequestSerialization.m */ = {isa = PBXFileReference; fileEncoding = 4; lastKnownFileType = sourcecode.c.objc; path = AFURLRequestSerialization.m; sourceTree = "<group>"; };
		C7E3BC7A1E5EC24500508790 /* AFURLResponseSerialization.h */ = {isa = PBXFileReference; fileEncoding = 4; lastKnownFileType = sourcecode.c.h; path = AFURLResponseSerialization.h; sourceTree = "<group>"; };
		C7E3BC7B1E5EC24500508790 /* AFURLResponseSerialization.m */ = {isa = PBXFileReference; fileEncoding = 4; lastKnownFileType = sourcecode.c.objc; path = AFURLResponseSerialization.m; sourceTree = "<group>"; };
		C7E3BC7C1E5EC24500508790 /* AFURLSessionManager.h */ = {isa = PBXFileReference; fileEncoding = 4; lastKnownFileType = sourcecode.c.h; path = AFURLSessionManager.h; sourceTree = "<group>"; };
		C7E3BC7D1E5EC24500508790 /* AFURLSessionManager.m */ = {isa = PBXFileReference; fileEncoding = 4; lastKnownFileType = sourcecode.c.objc; path = AFURLSessionManager.m; sourceTree = "<group>"; };
		C7E3BC841E5EC34F00508790 /* ApiManager.h */ = {isa = PBXFileReference; fileEncoding = 4; lastKnownFileType = sourcecode.c.h; path = ApiManager.h; sourceTree = "<group>"; };
		C7E3BC851E5EC34F00508790 /* ApiManager.m */ = {isa = PBXFileReference; fileEncoding = 4; lastKnownFileType = sourcecode.c.objc; path = ApiManager.m; sourceTree = "<group>"; };
		C7E3BC891E5EC61B00508790 /* AppUtils.h */ = {isa = PBXFileReference; fileEncoding = 4; lastKnownFileType = sourcecode.c.h; path = AppUtils.h; sourceTree = "<group>"; };
		C7E3BC8A1E5EC61B00508790 /* AppUtils.m */ = {isa = PBXFileReference; fileEncoding = 4; lastKnownFileType = sourcecode.c.objc; path = AppUtils.m; sourceTree = "<group>"; };
		C7E3BC8D1E5ED99700508790 /* MBProgressHUD.h */ = {isa = PBXFileReference; fileEncoding = 4; lastKnownFileType = sourcecode.c.h; path = MBProgressHUD.h; sourceTree = "<group>"; };
		C7E3BC8E1E5ED99700508790 /* MBProgressHUD.m */ = {isa = PBXFileReference; fileEncoding = 4; lastKnownFileType = sourcecode.c.objc; path = MBProgressHUD.m; sourceTree = "<group>"; };
/* End PBXFileReference section */

/* Begin PBXFrameworksBuildPhase section */
		C7C9774A1E5C91E900F33212 /* Frameworks */ = {
			isa = PBXFrameworksBuildPhase;
			buildActionMask = 2147483647;
			files = (
			);
			runOnlyForDeploymentPostprocessing = 0;
		};
/* End PBXFrameworksBuildPhase section */

/* Begin PBXGroup section */
		C7C977441E5C91E900F33212 = {
			isa = PBXGroup;
			children = (
				C7C9774F1E5C91E900F33212 /* GBNewsDemoProj */,
				C7C9774E1E5C91E900F33212 /* Products */,
			);
			sourceTree = "<group>";
		};
		C7C9774E1E5C91E900F33212 /* Products */ = {
			isa = PBXGroup;
			children = (
				C7C9774D1E5C91E900F33212 /* GBNewsDemoProj.app */,
			);
			name = Products;
			sourceTree = "<group>";
		};
		C7C9774F1E5C91E900F33212 /* GBNewsDemoProj */ = {
			isa = PBXGroup;
			children = (
				C7E3BC901E5EDF1600508790 /* Models */,
				C7C977761E5C98CF00F33212 /* Resources */,
				C7C9777B1E5C98CF00F33212 /* Views */,
				C7C9776A1E5C944D00F33212 /* Controllers */,
				C7C9776C1E5C944D00F33212 /* Libraries */,
				C7C9776D1E5C944D00F33212 /* Utilities */,
				C7C977531E5C91E900F33212 /* AppDelegate.h */,
				C7C977541E5C91E900F33212 /* AppDelegate.m */,
				C7C977501E5C91E900F33212 /* Supporting Files */,
			);
			path = GBNewsDemoProj;
			sourceTree = "<group>";
		};
		C7C977501E5C91E900F33212 /* Supporting Files */ = {
			isa = PBXGroup;
			children = (
				C7C977511E5C91E900F33212 /* main.m */,
			);
			name = "Supporting Files";
			sourceTree = "<group>";
		};
		C7C9776A1E5C944D00F33212 /* Controllers */ = {
			isa = PBXGroup;
			children = (
				C7E3BC681E5EBCBC00508790 /* NewsListController */,
				C7C9776F1E5C95F500F33212 /* BaseViewController */,
				C7C9776B1E5C944D00F33212 /* SourcesController */,
			);
			path = Controllers;
			sourceTree = "<group>";
		};
		C7C9776B1E5C944D00F33212 /* SourcesController */ = {
			isa = PBXGroup;
			children = (
				C7C977841E5CBCA400F33212 /* SourceCell */,
				C7C977731E5C980700F33212 /* GBNSourcesViewController.h */,
				C7C977741E5C980700F33212 /* GBNSourcesViewController.m */,
			);
			path = SourcesController;
			sourceTree = "<group>";
		};
		C7C9776C1E5C944D00F33212 /* Libraries */ = {
			isa = PBXGroup;
			children = (
				C7E3BC8C1E5ED99700508790 /* MBProgressHUD */,
				C7E3BC701E5EC24400508790 /* AFNetworking */,
			);
			path = Libraries;
			sourceTree = "<group>";
		};
		C7C9776D1E5C944D00F33212 /* Utilities */ = {
			isa = PBXGroup;
			children = (
				C7C9776E1E5C944D00F33212 /* ApiManager */,
				C7E3BC891E5EC61B00508790 /* AppUtils.h */,
				C7E3BC8A1E5EC61B00508790 /* AppUtils.m */,
			);
			path = Utilities;
			sourceTree = "<group>";
		};
		C7C9776E1E5C944D00F33212 /* ApiManager */ = {
			isa = PBXGroup;
			children = (
				C7E3BC841E5EC34F00508790 /* ApiManager.h */,
				C7E3BC851E5EC34F00508790 /* ApiManager.m */,
			);
			path = ApiManager;
			sourceTree = "<group>";
		};
		C7C9776F1E5C95F500F33212 /* BaseViewController */ = {
			isa = PBXGroup;
			children = (
				C7C977701E5C97D000F33212 /* BaseViewController.h */,
				C7C977711E5C97D000F33212 /* BaseViewController.m */,
			);
			path = BaseViewController;
			sourceTree = "<group>";
		};
		C7C977761E5C98CF00F33212 /* Resources */ = {
			isa = PBXGroup;
			children = (
				C7C977771E5C98CF00F33212 /* Assets.xcassets */,
				C7C977781E5C98CF00F33212 /* GBNewsDemoProj.xcdatamodeld */,
				C7C9777A1E5C98CF00F33212 /* Info.plist */,
			);
			path = Resources;
			sourceTree = "<group>";
		};
		C7C9777B1E5C98CF00F33212 /* Views */ = {
			isa = PBXGroup;
			children = (
				C7C9777C1E5C98CF00F33212 /* Storyboards */,
			);
			path = Views;
			sourceTree = "<group>";
		};
		C7C9777C1E5C98CF00F33212 /* Storyboards */ = {
			isa = PBXGroup;
			children = (
				C7C9777D1E5C98CF00F33212 /* LaunchScreen.storyboard */,
				C7C9777E1E5C98CF00F33212 /* Main.storyboard */,
			);
			path = Storyboards;
			sourceTree = "<group>";
		};
		C7C977841E5CBCA400F33212 /* SourceCell */ = {
			isa = PBXGroup;
			children = (
				C7C977851E5CBD3200F33212 /* GBNSourceCell.h */,
				C7C977861E5CBD3200F33212 /* GBNSourceCell.m */,
			);
			path = SourceCell;
			sourceTree = "<group>";
		};
		C7E3BC681E5EBCBC00508790 /* NewsListController */ = {
			isa = PBXGroup;
			children = (
				C7E3BC691E5EBCBC00508790 /* NewsItemCell */,
				C7E3BC6A1E5EBDC500508790 /* GBNNewsListViewController.h */,
				C7E3BC6B1E5EBDC500508790 /* GBNNewsListViewController.m */,
			);
			path = NewsListController;
			sourceTree = "<group>";
		};
		C7E3BC691E5EBCBC00508790 /* NewsItemCell */ = {
			isa = PBXGroup;
			children = (
				C7E3BC6D1E5EBE5900508790 /* GBNNewsItemCell.h */,
				C7E3BC6E1E5EBE5900508790 /* GBNNewsItemCell.m */,
			);
			path = NewsItemCell;
			sourceTree = "<group>";
		};
		C7E3BC701E5EC24400508790 /* AFNetworking */ = {
			isa = PBXGroup;
			children = (
				C7E3BC711E5EC24400508790 /* AFHTTPSessionManager.h */,
				C7E3BC721E5EC24400508790 /* AFHTTPSessionManager.m */,
				C7E3BC731E5EC24500508790 /* AFNetworking.h */,
				C7E3BC741E5EC24500508790 /* AFNetworkReachabilityManager.h */,
				C7E3BC751E5EC24500508790 /* AFNetworkReachabilityManager.m */,
				C7E3BC761E5EC24500508790 /* AFSecurityPolicy.h */,
				C7E3BC771E5EC24500508790 /* AFSecurityPolicy.m */,
				C7E3BC781E5EC24500508790 /* AFURLRequestSerialization.h */,
				C7E3BC791E5EC24500508790 /* AFURLRequestSerialization.m */,
				C7E3BC7A1E5EC24500508790 /* AFURLResponseSerialization.h */,
				C7E3BC7B1E5EC24500508790 /* AFURLResponseSerialization.m */,
				C7E3BC7C1E5EC24500508790 /* AFURLSessionManager.h */,
				C7E3BC7D1E5EC24500508790 /* AFURLSessionManager.m */,
			);
			path = AFNetworking;
			sourceTree = "<group>";
		};
		C7E3BC8C1E5ED99700508790 /* MBProgressHUD */ = {
			isa = PBXGroup;
			children = (
				C7E3BC8D1E5ED99700508790 /* MBProgressHUD.h */,
				C7E3BC8E1E5ED99700508790 /* MBProgressHUD.m */,
			);
			path = MBProgressHUD;
			sourceTree = "<group>";
		};
		C7E3BC901E5EDF1600508790 /* Models */ = {
			isa = PBXGroup;
			children = (
				C780A3B11E64A54C00452F8C /* ModelSource.h */,
				C780A3B21E64A54C00452F8C /* ModelSource.m */,
			);
			path = Models;
			sourceTree = "<group>";
		};
/* End PBXGroup section */

/* Begin PBXNativeTarget section */
		C7C9774C1E5C91E900F33212 /* GBNewsDemoProj */ = {
			isa = PBXNativeTarget;
			buildConfigurationList = C7C977671E5C91E900F33212 /* Build configuration list for PBXNativeTarget "GBNewsDemoProj" */;
			buildPhases = (
				C7C977491E5C91E900F33212 /* Sources */,
				C7C9774A1E5C91E900F33212 /* Frameworks */,
				C7C9774B1E5C91E900F33212 /* Resources */,
			);
			buildRules = (
			);
			dependencies = (
			);
			name = GBNewsDemoProj;
			productName = GBNewsDemoProj;
			productReference = C7C9774D1E5C91E900F33212 /* GBNewsDemoProj.app */;
			productType = "com.apple.product-type.application";
		};
/* End PBXNativeTarget section */

/* Begin PBXProject section */
		C7C977451E5C91E900F33212 /* Project object */ = {
			isa = PBXProject;
			attributes = {
				LastUpgradeCheck = 0730;
				ORGANIZATIONNAME = Adarsh;
				TargetAttributes = {
					C7C9774C1E5C91E900F33212 = {
						CreatedOnToolsVersion = 7.3;
					};
				};
			};
			buildConfigurationList = C7C977481E5C91E900F33212 /* Build configuration list for PBXProject "GBNewsDemoProj" */;
			compatibilityVersion = "Xcode 3.2";
			developmentRegion = English;
			hasScannedForEncodings = 0;
			knownRegions = (
				en,
				Base,
			);
			mainGroup = C7C977441E5C91E900F33212;
			productRefGroup = C7C9774E1E5C91E900F33212 /* Products */;
			projectDirPath = "";
			projectRoot = "";
			targets = (
				C7C9774C1E5C91E900F33212 /* GBNewsDemoProj */,
			);
		};
/* End PBXProject section */

/* Begin PBXResourcesBuildPhase section */
		C7C9774B1E5C91E900F33212 /* Resources */ = {
			isa = PBXResourcesBuildPhase;
			buildActionMask = 2147483647;
			files = (
				C7C977821E5C98CF00F33212 /* LaunchScreen.storyboard in Resources */,
				C7C977811E5C98CF00F33212 /* Info.plist in Resources */,
				C7C9777F1E5C98CF00F33212 /* Assets.xcassets in Resources */,
				C7C977831E5C98CF00F33212 /* Main.storyboard in Resources */,
			);
			runOnlyForDeploymentPostprocessing = 0;
		};
/* End PBXResourcesBuildPhase section */

/* Begin PBXSourcesBuildPhase section */
		C7C977491E5C91E900F33212 /* Sources */ = {
			isa = PBXSourcesBuildPhase;
			buildActionMask = 2147483647;
			files = (
				C7C977721E5C97D000F33212 /* BaseViewController.m in Sources */,
				C7E3BC6C1E5EBDC500508790 /* GBNNewsListViewController.m in Sources */,
				C7E3BC7F1E5EC24500508790 /* AFNetworkReachabilityManager.m in Sources */,
				C7E3BC831E5EC24500508790 /* AFURLSessionManager.m in Sources */,
				C7E3BC811E5EC24500508790 /* AFURLRequestSerialization.m in Sources */,
				C7E3BC861E5EC34F00508790 /* ApiManager.m in Sources */,
				C7C977551E5C91E900F33212 /* AppDelegate.m in Sources */,
				C7E3BC8F1E5ED99700508790 /* MBProgressHUD.m in Sources */,
				C7E3BC8B1E5EC61B00508790 /* AppUtils.m in Sources */,
				C7E3BC821E5EC24500508790 /* AFURLResponseSerialization.m in Sources */,
				C780A3B31E64A54C00452F8C /* ModelSource.m in Sources */,
				C7E3BC7E1E5EC24500508790 /* AFHTTPSessionManager.m in Sources */,
				C7C977871E5CBD3200F33212 /* GBNSourceCell.m in Sources */,
				C7C977521E5C91E900F33212 /* main.m in Sources */,
				C7C977751E5C980700F33212 /* GBNSourcesViewController.m in Sources */,
				C7C977801E5C98CF00F33212 /* GBNewsDemoProj.xcdatamodeld in Sources */,
				C7E3BC801E5EC24500508790 /* AFSecurityPolicy.m in Sources */,
				C7E3BC6F1E5EBE5900508790 /* GBNNewsItemCell.m in Sources */,
			);
			runOnlyForDeploymentPostprocessing = 0;
		};
/* End PBXSourcesBuildPhase section */

/* Begin XCBuildConfiguration section */
		C7C977651E5C91E900F33212 /* Debug */ = {
			isa = XCBuildConfiguration;
			buildSettings = {
				ALWAYS_SEARCH_USER_PATHS = NO;
				CLANG_ANALYZER_NONNULL = YES;
				CLANG_CXX_LANGUAGE_STANDARD = "gnu++0x";
				CLANG_CXX_LIBRARY = "libc++";
				CLANG_ENABLE_MODULES = YES;
				CLANG_ENABLE_OBJC_ARC = YES;
				CLANG_WARN_BOOL_CONVERSION = YES;
				CLANG_WARN_CONSTANT_CONVERSION = YES;
				CLANG_WARN_DIRECT_OBJC_ISA_USAGE = YES_ERROR;
				CLANG_WARN_EMPTY_BODY = YES;
				CLANG_WARN_ENUM_CONVERSION = YES;
				CLANG_WARN_INT_CONVERSION = YES;
				CLANG_WARN_OBJC_ROOT_CLASS = YES_ERROR;
				CLANG_WARN_UNREACHABLE_CODE = YES;
				CLANG_WARN__DUPLICATE_METHOD_MATCH = YES;
				"CODE_SIGN_IDENTITY[sdk=iphoneos*]" = "iPhone Developer";
				COPY_PHASE_STRIP = NO;
				DEBUG_INFORMATION_FORMAT = dwarf;
				ENABLE_STRICT_OBJC_MSGSEND = YES;
				ENABLE_TESTABILITY = YES;
				GCC_C_LANGUAGE_STANDARD = gnu99;
				GCC_DYNAMIC_NO_PIC = NO;
				GCC_NO_COMMON_BLOCKS = YES;
				GCC_OPTIMIZATION_LEVEL = 0;
				GCC_PREPROCESSOR_DEFINITIONS = (
					"DEBUG=1",
					"$(inherited)",
				);
				GCC_WARN_64_TO_32_BIT_CONVERSION = YES;
				GCC_WARN_ABOUT_RETURN_TYPE = YES_ERROR;
				GCC_WARN_UNDECLARED_SELECTOR = YES;
				GCC_WARN_UNINITIALIZED_AUTOS = YES_AGGRESSIVE;
				GCC_WARN_UNUSED_FUNCTION = YES;
				GCC_WARN_UNUSED_VARIABLE = YES;
				IPHONEOS_DEPLOYMENT_TARGET = 9.3;
				MTL_ENABLE_DEBUG_INFO = YES;
				ONLY_ACTIVE_ARCH = YES;
				SDKROOT = iphoneos;
			};
			name = Debug;
		};
		C7C977661E5C91E900F33212 /* Release */ = {
			isa = XCBuildConfiguration;
			buildSettings = {
				ALWAYS_SEARCH_USER_PATHS = NO;
				CLANG_ANALYZER_NONNULL = YES;
				CLANG_CXX_LANGUAGE_STANDARD = "gnu++0x";
				CLANG_CXX_LIBRARY = "libc++";
				CLANG_ENABLE_MODULES = YES;
				CLANG_ENABLE_OBJC_ARC = YES;
				CLANG_WARN_BOOL_CONVERSION = YES;
				CLANG_WARN_CONSTANT_CONVERSION = YES;
				CLANG_WARN_DIRECT_OBJC_ISA_USAGE = YES_ERROR;
				CLANG_WARN_EMPTY_BODY = YES;
				CLANG_WARN_ENUM_CONVERSION = YES;
				CLANG_WARN_INT_CONVERSION = YES;
				CLANG_WARN_OBJC_ROOT_CLASS = YES_ERROR;
				CLANG_WARN_UNREACHABLE_CODE = YES;
				CLANG_WARN__DUPLICATE_METHOD_MATCH = YES;
				"CODE_SIGN_IDENTITY[sdk=iphoneos*]" = "iPhone Developer";
				COPY_PHASE_STRIP = NO;
				DEBUG_INFORMATION_FORMAT = "dwarf-with-dsym";
				ENABLE_NS_ASSERTIONS = NO;
				ENABLE_STRICT_OBJC_MSGSEND = YES;
				GCC_C_LANGUAGE_STANDARD = gnu99;
				GCC_NO_COMMON_BLOCKS = YES;
				GCC_WARN_64_TO_32_BIT_CONVERSION = YES;
				GCC_WARN_ABOUT_RETURN_TYPE = YES_ERROR;
				GCC_WARN_UNDECLARED_SELECTOR = YES;
				GCC_WARN_UNINITIALIZED_AUTOS = YES_AGGRESSIVE;
				GCC_WARN_UNUSED_FUNCTION = YES;
				GCC_WARN_UNUSED_VARIABLE = YES;
				IPHONEOS_DEPLOYMENT_TARGET = 9.3;
				MTL_ENABLE_DEBUG_INFO = NO;
				SDKROOT = iphoneos;
				VALIDATE_PRODUCT = YES;
			};
			name = Release;
		};
		C7C977681E5C91E900F33212 /* Debug */ = {
			isa = XCBuildConfiguration;
			buildSettings = {
				ASSETCATALOG_COMPILER_APPICON_NAME = AppIcon;
				GCC_PRECOMPILE_PREFIX_HEADER = NO;
				GCC_PREFIX_HEADER = "";
				INFOPLIST_FILE = "$(SRCROOT)/GBNewsDemoProj/Resources/Info.plist";
				LD_RUNPATH_SEARCH_PATHS = "$(inherited) @executable_path/Frameworks";
				PRODUCT_BUNDLE_IDENTIFIER = com.adarsh.GBNewsDemoProj;
				PRODUCT_NAME = "$(TARGET_NAME)";
			};
			name = Debug;
		};
		C7C977691E5C91E900F33212 /* Release */ = {
			isa = XCBuildConfiguration;
			buildSettings = {
				ASSETCATALOG_COMPILER_APPICON_NAME = AppIcon;
				GCC_PRECOMPILE_PREFIX_HEADER = NO;
				GCC_PREFIX_HEADER = "";
				INFOPLIST_FILE = "$(SRCROOT)/GBNewsDemoProj/Resources/Info.plist";
				LD_RUNPATH_SEARCH_PATHS = "$(inherited) @executable_path/Frameworks";
				PRODUCT_BUNDLE_IDENTIFIER = com.adarsh.GBNewsDemoProj;
				PRODUCT_NAME = "$(TARGET_NAME)";
			};
			name = Release;
		};
/* End XCBuildConfiguration section */

/* Begin XCConfigurationList section */
		C7C977481E5C91E900F33212 /* Build configuration list for PBXProject "GBNewsDemoProj" */ = {
			isa = XCConfigurationList;
			buildConfigurations = (
				C7C977651E5C91E900F33212 /* Debug */,
				C7C977661E5C91E900F33212 /* Release */,
			);
			defaultConfigurationIsVisible = 0;
			defaultConfigurationName = Release;
		};
		C7C977671E5C91E900F33212 /* Build configuration list for PBXNativeTarget "GBNewsDemoProj" */ = {
			isa = XCConfigurationList;
			buildConfigurations = (
				C7C977681E5C91E900F33212 /* Debug */,
				C7C977691E5C91E900F33212 /* Release */,
			);
			defaultConfigurationIsVisible = 0;
			defaultConfigurationName = Release;
		};
/* End XCConfigurationList section */

/* Begin XCVersionGroup section */
		C7C977781E5C98CF00F33212 /* GBNewsDemoProj.xcdatamodeld */ = {
			isa = XCVersionGroup;
			children = (
				C7C977791E5C98CF00F33212 /* GBNewsDemoProj.xcdatamodel */,
			);
			currentVersion = C7C977791E5C98CF00F33212 /* GBNewsDemoProj.xcdatamodel */;
			path = GBNewsDemoProj.xcdatamodeld;
			sourceTree = "<group>";
			versionGroupType = wrapper.xcdatamodel;
		};
/* End XCVersionGroup section */
	};
	rootObject = C7C977451E5C91E900F33212 /* Project object */;
}
